
Microsoft Visual Studio Solution File, Format Version 12.00
# Visual Studio Version 17
VisualStudioVersion = 17.7.34031.279
MinimumVisualStudioVersion = 10.0.40219.1
Project("{9A19103F-16F7-4668-BE54-9A1E7A4F7556}") = "Agendo.Server", "Server\Agendo.Server.csproj", "{08C2C73D-9AE5-4504-B7ED-A5D50C5F31FB}"
	ProjectSection(ProjectDependencies) = postProject
		{E78D9FA7-A205-4813-B4E4-0447C258E0BD} = {E78D9FA7-A205-4813-B4E4-0447C258E0BD}
	EndProjectSection
EndProject
Project("{9A19103F-16F7-4668-BE54-9A1E7A4F7556}") = "Agendo.Client", "Client\Agendo.Client.csproj", "{A71ABB79-7A23-44B5-BFD0-B5604B335A76}"
EndProject
Project("{9A19103F-16F7-4668-BE54-9A1E7A4F7556}") = "Agendo.Shared", "Shared\Agendo.Shared.csproj", "{97FB0401-47FA-452B-A5DA-3DC32E730EEB}"
EndProject
Project("{9A19103F-16F7-4668-BE54-9A1E7A4F7556}") = "Agendo.AuthAPI", "AuthAPI\Agendo.AuthAPI.csproj", "{E78D9FA7-A205-4813-B4E4-0447C258E0BD}"
EndProject
Project("{FAE04EC0-301F-11D3-BF4B-00C04F79EFBC}") = "NUnitTesting", "NUnitTesting\NUnitTesting.csproj", "{7DF9D624-BEA6-4A2E-8063-965CFA30F0FE}"
EndProject
Global
	GlobalSection(SolutionConfigurationPlatforms) = preSolution
		Debug|Any CPU = Debug|Any CPU
		Release|Any CPU = Release|Any CPU
	EndGlobalSection
	GlobalSection(ProjectConfigurationPlatforms) = postSolution
		{08C2C73D-9AE5-4504-B7ED-A5D50C5F31FB}.Debug|Any CPU.ActiveCfg = Debug|Any CPU
		{08C2C73D-9AE5-4504-B7ED-A5D50C5F31FB}.Debug|Any CPU.Build.0 = Debug|Any CPU
		{08C2C73D-9AE5-4504-B7ED-A5D50C5F31FB}.Release|Any CPU.ActiveCfg = Release|Any CPU
		{08C2C73D-9AE5-4504-B7ED-A5D50C5F31FB}.Release|Any CPU.Build.0 = Release|Any CPU
		{A71ABB79-7A23-44B5-BFD0-B5604B335A76}.Debug|Any CPU.ActiveCfg = Debug|Any CPU
		{A71ABB79-7A23-44B5-BFD0-B5604B335A76}.Debug|Any CPU.Build.0 = Debug|Any CPU
		{A71ABB79-7A23-44B5-BFD0-B5604B335A76}.Release|Any CPU.ActiveCfg = Release|Any CPU
		{A71ABB79-7A23-44B5-BFD0-B5604B335A76}.Release|Any CPU.Build.0 = Release|Any CPU
		{97FB0401-47FA-452B-A5DA-3DC32E730EEB}.Debug|Any CPU.ActiveCfg = Debug|Any CPU
		{97FB0401-47FA-452B-A5DA-3DC32E730EEB}.Debug|Any CPU.Build.0 = Debug|Any CPU
		{97FB0401-47FA-452B-A5DA-3DC32E730EEB}.Release|Any CPU.ActiveCfg = Release|Any CPU
		{97FB0401-47FA-452B-A5DA-3DC32E730EEB}.Release|Any CPU.Build.0 = Release|Any CPU
		{E78D9FA7-A205-4813-B4E4-0447C258E0BD}.Debug|Any CPU.ActiveCfg = Debug|Any CPU
		{E78D9FA7-A205-4813-B4E4-0447C258E0BD}.Debug|Any CPU.Build.0 = Debug|Any CPU
		{E78D9FA7-A205-4813-B4E4-0447C258E0BD}.Release|Any CPU.ActiveCfg = Release|Any CPU
		{E78D9FA7-A205-4813-B4E4-0447C258E0BD}.Release|Any CPU.Build.0 = Release|Any CPU
		{7DF9D624-BEA6-4A2E-8063-965CFA30F0FE}.Debug|Any CPU.ActiveCfg = Debug|Any CPU
		{7DF9D624-BEA6-4A2E-8063-965CFA30F0FE}.Debug|Any CPU.Build.0 = Debug|Any CPU
		{7DF9D624-BEA6-4A2E-8063-965CFA30F0FE}.Release|Any CPU.ActiveCfg = Release|Any CPU
		{7DF9D624-BEA6-4A2E-8063-965CFA30F0FE}.Release|Any CPU.Build.0 = Release|Any CPU
	EndGlobalSection
	GlobalSection(SolutionProperties) = preSolution
		HideSolutionNode = FALSE
	EndGlobalSection
	GlobalSection(ExtensibilityGlobals) = postSolution
		SolutionGuid = {7DC7815C-7C9B-4C7C-A931-AD04FE45410A}
	EndGlobalSection
EndGlobal
